// !$*UTF8*$!
{
	archiveVersion = 1;
	classes = {
	};
	objectVersion = 56;
	objects = {

/* Begin PBXBuildFile section */
		CF4A53292B8A83DF00AF2E69 /* PlayerStatsView.swift in Sources */ = {isa = PBXBuildFile; fileRef = CF4A53282B8A83DF00AF2E69 /* PlayerStatsView.swift */; };
		CF4A532B2B8ACFBE00AF2E69 /* GoalieStatsView.swift in Sources */ = {isa = PBXBuildFile; fileRef = CF4A532A2B8ACFBE00AF2E69 /* GoalieStatsView.swift */; };
		CF4A53302B8CB99600AF2E69 /* PointsPerGameHelper.swift in Sources */ = {isa = PBXBuildFile; fileRef = CF4A532F2B8CB99600AF2E69 /* PointsPerGameHelper.swift */; };
		CF4A53322B8D563C00AF2E69 /* AdvancedStatsHelper.swift in Sources */ = {isa = PBXBuildFile; fileRef = CF4A53312B8D563C00AF2E69 /* AdvancedStatsHelper.swift */; };
		CFD297792B857C9200AA30D8 /* HockeyPlayerStatsApp.swift in Sources */ = {isa = PBXBuildFile; fileRef = CFD297782B857C9200AA30D8 /* HockeyPlayerStatsApp.swift */; };
		CFD2977B2B857C9200AA30D8 /* ContentView.swift in Sources */ = {isa = PBXBuildFile; fileRef = CFD2977A2B857C9200AA30D8 /* ContentView.swift */; };
		CFD2977D2B857C9300AA30D8 /* Assets.xcassets in Resources */ = {isa = PBXBuildFile; fileRef = CFD2977C2B857C9300AA30D8 /* Assets.xcassets */; };
		CFD297802B857C9300AA30D8 /* Preview Assets.xcassets in Resources */ = {isa = PBXBuildFile; fileRef = CFD2977F2B857C9300AA30D8 /* Preview Assets.xcassets */; };
		CFD297872B857E3200AA30D8 /* DataService.swift in Sources */ = {isa = PBXBuildFile; fileRef = CFD297862B857E3200AA30D8 /* DataService.swift */; };
		CFD2978A2B85814600AA30D8 /* HockeyPlayerSearch.swift in Sources */ = {isa = PBXBuildFile; fileRef = CFD297892B85814600AA30D8 /* HockeyPlayerSearch.swift */; };
		CFD2978C2B8582A300AA30D8 /* Skater.swift in Sources */ = {isa = PBXBuildFile; fileRef = CFD2978B2B8582A300AA30D8 /* Skater.swift */; };
		CFD2978E2B8586F900AA30D8 /* Goalie.swift in Sources */ = {isa = PBXBuildFile; fileRef = CFD2978D2B8586F900AA30D8 /* Goalie.swift */; };
/* End PBXBuildFile section */

/* Begin PBXFileReference section */
		CF4A53282B8A83DF00AF2E69 /* PlayerStatsView.swift */ = {isa = PBXFileReference; lastKnownFileType = sourcecode.swift; path = PlayerStatsView.swift; sourceTree = "<group>"; };
		CF4A532A2B8ACFBE00AF2E69 /* GoalieStatsView.swift */ = {isa = PBXFileReference; lastKnownFileType = sourcecode.swift; path = GoalieStatsView.swift; sourceTree = "<group>"; };
		CF4A532F2B8CB99600AF2E69 /* PointsPerGameHelper.swift */ = {isa = PBXFileReference; lastKnownFileType = sourcecode.swift; path = PointsPerGameHelper.swift; sourceTree = "<group>"; };
		CF4A53312B8D563C00AF2E69 /* AdvancedStatsHelper.swift */ = {isa = PBXFileReference; lastKnownFileType = sourcecode.swift; path = AdvancedStatsHelper.swift; sourceTree = "<group>"; };
		CFD297752B857C9200AA30D8 /* HockeyPlayerStats.app */ = {isa = PBXFileReference; explicitFileType = wrapper.application; includeInIndex = 0; path = HockeyPlayerStats.app; sourceTree = BUILT_PRODUCTS_DIR; };
		CFD297782B857C9200AA30D8 /* HockeyPlayerStatsApp.swift */ = {isa = PBXFileReference; lastKnownFileType = sourcecode.swift; path = HockeyPlayerStatsApp.swift; sourceTree = "<group>"; };
		CFD2977A2B857C9200AA30D8 /* ContentView.swift */ = {isa = PBXFileReference; lastKnownFileType = sourcecode.swift; path = ContentView.swift; sourceTree = "<group>"; };
		CFD2977C2B857C9300AA30D8 /* Assets.xcassets */ = {isa = PBXFileReference; lastKnownFileType = folder.assetcatalog; path = Assets.xcassets; sourceTree = "<group>"; };
		CFD2977F2B857C9300AA30D8 /* Preview Assets.xcassets */ = {isa = PBXFileReference; lastKnownFileType = folder.assetcatalog; path = "Preview Assets.xcassets"; sourceTree = "<group>"; };
		CFD297862B857E3200AA30D8 /* DataService.swift */ = {isa = PBXFileReference; lastKnownFileType = sourcecode.swift; path = DataService.swift; sourceTree = "<group>"; };
		CFD297892B85814600AA30D8 /* HockeyPlayerSearch.swift */ = {isa = PBXFileReference; lastKnownFileType = sourcecode.swift; path = HockeyPlayerSearch.swift; sourceTree = "<group>"; };
		CFD2978B2B8582A300AA30D8 /* Skater.swift */ = {isa = PBXFileReference; lastKnownFileType = sourcecode.swift; path = Skater.swift; sourceTree = "<group>"; };
		CFD2978D2B8586F900AA30D8 /* Goalie.swift */ = {isa = PBXFileReference; lastKnownFileType = sourcecode.swift; path = Goalie.swift; sourceTree = "<group>"; };
/* End PBXFileReference section */

/* Begin PBXFrameworksBuildPhase section */
		CFD297722B857C9200AA30D8 /* Frameworks */ = {
			isa = PBXFrameworksBuildPhase;
			buildActionMask = 2147483647;
			files = (
			);
			runOnlyForDeploymentPostprocessing = 0;
		};
/* End PBXFrameworksBuildPhase section */

/* Begin PBXGroup section */
		CF4A532E2B8CB97900AF2E69 /* Helper */ = {
			isa = PBXGroup;
			children = (
				CF4A532F2B8CB99600AF2E69 /* PointsPerGameHelper.swift */,
				CF4A53312B8D563C00AF2E69 /* AdvancedStatsHelper.swift */,
			);
			path = Helper;
			sourceTree = "<group>";
		};
		CFD2976C2B857C9200AA30D8 = {
			isa = PBXGroup;
			children = (
				CFD297772B857C9200AA30D8 /* HockeyPlayerStats */,
				CFD297762B857C9200AA30D8 /* Products */,
			);
			sourceTree = "<group>";
		};
		CFD297762B857C9200AA30D8 /* Products */ = {
			isa = PBXGroup;
			children = (
				CFD297752B857C9200AA30D8 /* HockeyPlayerStats.app */,
			);
			name = Products;
			sourceTree = "<group>";
		};
		CFD297772B857C9200AA30D8 /* HockeyPlayerStats */ = {
			isa = PBXGroup;
			children = (
				CF4A532E2B8CB97900AF2E69 /* Helper */,
				CFD297882B85813000AA30D8 /* Model */,
				CFD297862B857E3200AA30D8 /* DataService.swift */,
				CFD297782B857C9200AA30D8 /* HockeyPlayerStatsApp.swift */,
				CFD2977A2B857C9200AA30D8 /* ContentView.swift */,
				CF4A53282B8A83DF00AF2E69 /* PlayerStatsView.swift */,
				CF4A532A2B8ACFBE00AF2E69 /* GoalieStatsView.swift */,
				CFD2977C2B857C9300AA30D8 /* Assets.xcassets */,
				CFD2977E2B857C9300AA30D8 /* Preview Content */,
			);
			path = HockeyPlayerStats;
			sourceTree = "<group>";
		};
		CFD2977E2B857C9300AA30D8 /* Preview Content */ = {
			isa = PBXGroup;
			children = (
				CFD2977F2B857C9300AA30D8 /* Preview Assets.xcassets */,
			);
			path = "Preview Content";
			sourceTree = "<group>";
		};
		CFD297882B85813000AA30D8 /* Model */ = {
			isa = PBXGroup;
			children = (
				CFD297892B85814600AA30D8 /* HockeyPlayerSearch.swift */,
				CFD2978B2B8582A300AA30D8 /* Skater.swift */,
				CFD2978D2B8586F900AA30D8 /* Goalie.swift */,
			);
			path = Model;
			sourceTree = "<group>";
		};
/* End PBXGroup section */

/* Begin PBXNativeTarget section */
		CFD297742B857C9200AA30D8 /* HockeyPlayerStats */ = {
			isa = PBXNativeTarget;
			buildConfigurationList = CFD297832B857C9300AA30D8 /* Build configuration list for PBXNativeTarget "HockeyPlayerStats" */;
			buildPhases = (
				CFD297712B857C9200AA30D8 /* Sources */,
				CFD297722B857C9200AA30D8 /* Frameworks */,
				CFD297732B857C9200AA30D8 /* Resources */,
			);
			buildRules = (
			);
			dependencies = (
			);
			name = HockeyPlayerStats;
			productName = HockeyPlayerStats;
			productReference = CFD297752B857C9200AA30D8 /* HockeyPlayerStats.app */;
			productType = "com.apple.product-type.application";
		};
/* End PBXNativeTarget section */

/* Begin PBXProject section */
		CFD2976D2B857C9200AA30D8 /* Project object */ = {
			isa = PBXProject;
			attributes = {
				BuildIndependentTargetsInParallel = 1;
				LastSwiftUpdateCheck = 1520;
				LastUpgradeCheck = 1520;
				TargetAttributes = {
					CFD297742B857C9200AA30D8 = {
						CreatedOnToolsVersion = 15.2;
					};
				};
			};
			buildConfigurationList = CFD297702B857C9200AA30D8 /* Build configuration list for PBXProject "HockeyPlayerStats" */;
			compatibilityVersion = "Xcode 14.0";
			developmentRegion = en;
			hasScannedForEncodings = 0;
			knownRegions = (
				en,
				Base,
			);
			mainGroup = CFD2976C2B857C9200AA30D8;
			productRefGroup = CFD297762B857C9200AA30D8 /* Products */;
			projectDirPath = "";
			projectRoot = "";
			targets = (
				CFD297742B857C9200AA30D8 /* HockeyPlayerStats */,
			);
		};
/* End PBXProject section */

/* Begin PBXResourcesBuildPhase section */
		CFD297732B857C9200AA30D8 /* Resources */ = {
			isa = PBXResourcesBuildPhase;
			buildActionMask = 2147483647;
			files = (
				CFD297802B857C9300AA30D8 /* Preview Assets.xcassets in Resources */,
				CFD2977D2B857C9300AA30D8 /* Assets.xcassets in Resources */,
			);
			runOnlyForDeploymentPostprocessing = 0;
		};
/* End PBXResourcesBuildPhase section */

/* Begin PBXSourcesBuildPhase section */
		CFD297712B857C9200AA30D8 /* Sources */ = {
			isa = PBXSourcesBuildPhase;
			buildActionMask = 2147483647;
			files = (
				CF4A53302B8CB99600AF2E69 /* PointsPerGameHelper.swift in Sources */,
				CFD297872B857E3200AA30D8 /* DataService.swift in Sources */,
				CFD2978A2B85814600AA30D8 /* HockeyPlayerSearch.swift in Sources */,
				CFD2978E2B8586F900AA30D8 /* Goalie.swift in Sources */,
				CF4A532B2B8ACFBE00AF2E69 /* GoalieStatsView.swift in Sources */,
				CFD2978C2B8582A300AA30D8 /* Skater.swift in Sources */,
				CFD2977B2B857C9200AA30D8 /* ContentView.swift in Sources */,
				CFD297792B857C9200AA30D8 /* HockeyPlayerStatsApp.swift in Sources */,
				CF4A53292B8A83DF00AF2E69 /* PlayerStatsView.swift in Sources */,
				CF4A53322B8D563C00AF2E69 /* AdvancedStatsHelper.swift in Sources */,
			);
			runOnlyForDeploymentPostprocessing = 0;
		};
/* End PBXSourcesBuildPhase section */

/* Begin XCBuildConfiguration section */
		CFD297812B857C9300AA30D8 /* Debug */ = {
			isa = XCBuildConfiguration;
			buildSettings = {
				ALWAYS_SEARCH_USER_PATHS = NO;
				ASSETCATALOG_COMPILER_GENERATE_SWIFT_ASSET_SYMBOL_EXTENSIONS = YES;
				CLANG_ANALYZER_NONNULL = YES;
				CLANG_ANALYZER_NUMBER_OBJECT_CONVERSION = YES_AGGRESSIVE;
				CLANG_CXX_LANGUAGE_STANDARD = "gnu++20";
				CLANG_ENABLE_MODULES = YES;
				CLANG_ENABLE_OBJC_ARC = YES;
				CLANG_ENABLE_OBJC_WEAK = YES;
				CLANG_WARN_BLOCK_CAPTURE_AUTORELEASING = YES;
				CLANG_WARN_BOOL_CONVERSION = YES;
				CLANG_WARN_COMMA = YES;
				CLANG_WARN_CONSTANT_CONVERSION = YES;
				CLANG_WARN_DEPRECATED_OBJC_IMPLEMENTATIONS = YES;
				CLANG_WARN_DIRECT_OBJC_ISA_USAGE = YES_ERROR;
				CLANG_WARN_DOCUMENTATION_COMMENTS = YES;
				CLANG_WARN_EMPTY_BODY = YES;
				CLANG_WARN_ENUM_CONVERSION = YES;
				CLANG_WARN_INFINITE_RECURSION = YES;
				CLANG_WARN_INT_CONVERSION = YES;
				CLANG_WARN_NON_LITERAL_NULL_CONVERSION = YES;
				CLANG_WARN_OBJC_IMPLICIT_RETAIN_SELF = YES;
				CLANG_WARN_OBJC_LITERAL_CONVERSION = YES;
				CLANG_WARN_OBJC_ROOT_CLASS = YES_ERROR;
				CLANG_WARN_QUOTED_INCLUDE_IN_FRAMEWORK_HEADER = YES;
				CLANG_WARN_RANGE_LOOP_ANALYSIS = YES;
				CLANG_WARN_STRICT_PROTOTYPES = YES;
				CLANG_WARN_SUSPICIOUS_MOVE = YES;
				CLANG_WARN_UNGUARDED_AVAILABILITY = YES_AGGRESSIVE;
				CLANG_WARN_UNREACHABLE_CODE = YES;
				CLANG_WARN__DUPLICATE_METHOD_MATCH = YES;
				COPY_PHASE_STRIP = NO;
				DEBUG_INFORMATION_FORMAT = dwarf;
				ENABLE_STRICT_OBJC_MSGSEND = YES;
				ENABLE_TESTABILITY = YES;
				ENABLE_USER_SCRIPT_SANDBOXING = YES;
				GCC_C_LANGUAGE_STANDARD = gnu17;
				GCC_DYNAMIC_NO_PIC = NO;
				GCC_NO_COMMON_BLOCKS = YES;
				GCC_OPTIMIZATION_LEVEL = 0;
				GCC_PREPROCESSOR_DEFINITIONS = (
					"DEBUG=1",
					"$(inherited)",
				);
				GCC_WARN_64_TO_32_BIT_CONVERSION = YES;
				GCC_WARN_ABOUT_RETURN_TYPE = YES_ERROR;
				GCC_WARN_UNDECLARED_SELECTOR = YES;
				GCC_WARN_UNINITIALIZED_AUTOS = YES_AGGRESSIVE;
				GCC_WARN_UNUSED_FUNCTION = YES;
				GCC_WARN_UNUSED_VARIABLE = YES;
				IPHONEOS_DEPLOYMENT_TARGET = 17.2;
				LOCALIZATION_PREFERS_STRING_CATALOGS = YES;
				MTL_ENABLE_DEBUG_INFO = INCLUDE_SOURCE;
				MTL_FAST_MATH = YES;
				ONLY_ACTIVE_ARCH = YES;
				SDKROOT = iphoneos;
				SWIFT_ACTIVE_COMPILATION_CONDITIONS = "DEBUG $(inherited)";
				SWIFT_OPTIMIZATION_LEVEL = "-Onone";
			};
			name = Debug;
		};
		CFD297822B857C9300AA30D8 /* Release */ = {
			isa = XCBuildConfiguration;
			buildSettings = {
				ALWAYS_SEARCH_USER_PATHS = NO;
				ASSETCATALOG_COMPILER_GENERATE_SWIFT_ASSET_SYMBOL_EXTENSIONS = YES;
				CLANG_ANALYZER_NONNULL = YES;
				CLANG_ANALYZER_NUMBER_OBJECT_CONVERSION = YES_AGGRESSIVE;
				CLANG_CXX_LANGUAGE_STANDARD = "gnu++20";
				CLANG_ENABLE_MODULES = YES;
				CLANG_ENABLE_OBJC_ARC = YES;
				CLANG_ENABLE_OBJC_WEAK = YES;
				CLANG_WARN_BLOCK_CAPTURE_AUTORELEASING = YES;
				CLANG_WARN_BOOL_CONVERSION = YES;
				CLANG_WARN_COMMA = YES;
				CLANG_WARN_CONSTANT_CONVERSION = YES;
				CLANG_WARN_DEPRECATED_OBJC_IMPLEMENTATIONS = YES;
				CLANG_WARN_DIRECT_OBJC_ISA_USAGE = YES_ERROR;
				CLANG_WARN_DOCUMENTATION_COMMENTS = YES;
				CLANG_WARN_EMPTY_BODY = YES;
				CLANG_WARN_ENUM_CONVERSION = YES;
				CLANG_WARN_INFINITE_RECURSION = YES;
				CLANG_WARN_INT_CONVERSION = YES;
				CLANG_WARN_NON_LITERAL_NULL_CONVERSION = YES;
				CLANG_WARN_OBJC_IMPLICIT_RETAIN_SELF = YES;
				CLANG_WARN_OBJC_LITERAL_CONVERSION = YES;
				CLANG_WARN_OBJC_ROOT_CLASS = YES_ERROR;
				CLANG_WARN_QUOTED_INCLUDE_IN_FRAMEWORK_HEADER = YES;
				CLANG_WARN_RANGE_LOOP_ANALYSIS = YES;
				CLANG_WARN_STRICT_PROTOTYPES = YES;
				CLANG_WARN_SUSPICIOUS_MOVE = YES;
				CLANG_WARN_UNGUARDED_AVAILABILITY = YES_AGGRESSIVE;
				CLANG_WARN_UNREACHABLE_CODE = YES;
				CLANG_WARN__DUPLICATE_METHOD_MATCH = YES;
				COPY_PHASE_STRIP = NO;
				DEBUG_INFORMATION_FORMAT = "dwarf-with-dsym";
				ENABLE_NS_ASSERTIONS = NO;
				ENABLE_STRICT_OBJC_MSGSEND = YES;
				ENABLE_USER_SCRIPT_SANDBOXING = YES;
				GCC_C_LANGUAGE_STANDARD = gnu17;
				GCC_NO_COMMON_BLOCKS = YES;
				GCC_WARN_64_TO_32_BIT_CONVERSION = YES;
				GCC_WARN_ABOUT_RETURN_TYPE = YES_ERROR;
				GCC_WARN_UNDECLARED_SELECTOR = YES;
				GCC_WARN_UNINITIALIZED_AUTOS = YES_AGGRESSIVE;
				GCC_WARN_UNUSED_FUNCTION = YES;
				GCC_WARN_UNUSED_VARIABLE = YES;
				IPHONEOS_DEPLOYMENT_TARGET = 17.2;
				LOCALIZATION_PREFERS_STRING_CATALOGS = YES;
				MTL_ENABLE_DEBUG_INFO = NO;
				MTL_FAST_MATH = YES;
				SDKROOT = iphoneos;
				SWIFT_COMPILATION_MODE = wholemodule;
				VALIDATE_PRODUCT = YES;
			};
			name = Release;
		};
		CFD297842B857C9300AA30D8 /* Debug */ = {
			isa = XCBuildConfiguration;
			buildSettings = {
				ASSETCATALOG_COMPILER_APPICON_NAME = AppIcon;
				ASSETCATALOG_COMPILER_GLOBAL_ACCENT_COLOR_NAME = AccentColor;
				CODE_SIGN_STYLE = Automatic;
				CURRENT_PROJECT_VERSION = 1;
				DEVELOPMENT_ASSET_PATHS = "\"HockeyPlayerStats/Preview Content\"";
				DEVELOPMENT_TEAM = W8WPL4KZ5T;
				ENABLE_PREVIEWS = YES;
				GENERATE_INFOPLIST_FILE = YES;
				INFOPLIST_KEY_UIApplicationSceneManifest_Generation = YES;
				INFOPLIST_KEY_UIApplicationSupportsIndirectInputEvents = YES;
				INFOPLIST_KEY_UILaunchScreen_Generation = YES;
				INFOPLIST_KEY_UISupportedInterfaceOrientations_iPad = "UIInterfaceOrientationPortrait UIInterfaceOrientationPortraitUpsideDown UIInterfaceOrientationLandscapeLeft UIInterfaceOrientationLandscapeRight";
				INFOPLIST_KEY_UISupportedInterfaceOrientations_iPhone = "UIInterfaceOrientationPortrait UIInterfaceOrientationLandscapeLeft UIInterfaceOrientationLandscapeRight";
				LD_RUNPATH_SEARCH_PATHS = (
					"$(inherited)",
					"@executable_path/Frameworks",
				);
				MARKETING_VERSION = 1.0;
				PRODUCT_BUNDLE_IDENTIFIER = com.JoeMiehl.HockeyPlayerStats;
				PRODUCT_NAME = "$(TARGET_NAME)";
				SWIFT_EMIT_LOC_STRINGS = YES;
				SWIFT_VERSION = 5.0;
				TARGETED_DEVICE_FAMILY = "1,2";
			};
			name = Debug;
		};
		CFD297852B857C9300AA30D8 /* Release */ = {
			isa = XCBuildConfiguration;
			buildSettings = {
				ASSETCATALOG_COMPILER_APPICON_NAME = AppIcon;
				ASSETCATALOG_COMPILER_GLOBAL_ACCENT_COLOR_NAME = AccentColor;
				CODE_SIGN_STYLE = Automatic;
				CURRENT_PROJECT_VERSION = 1;
				DEVELOPMENT_ASSET_PATHS = "\"HockeyPlayerStats/Preview Content\"";
				DEVELOPMENT_TEAM = W8WPL4KZ5T;
				ENABLE_PREVIEWS = YES;
				GENERATE_INFOPLIST_FILE = YES;
				INFOPLIST_KEY_UIApplicationSceneManifest_Generation = YES;
				INFOPLIST_KEY_UIApplicationSupportsIndirectInputEvents = YES;
				INFOPLIST_KEY_UILaunchScreen_Generation = YES;
				INFOPLIST_KEY_UISupportedInterfaceOrientations_iPad = "UIInterfaceOrientationPortrait UIInterfaceOrientationPortraitUpsideDown UIInterfaceOrientationLandscapeLeft UIInterfaceOrientationLandscapeRight";
				INFOPLIST_KEY_UISupportedInterfaceOrientations_iPhone = "UIInterfaceOrientationPortrait UIInterfaceOrientationLandscapeLeft UIInterfaceOrientationLandscapeRight";
				LD_RUNPATH_SEARCH_PATHS = (
					"$(inherited)",
					"@executable_path/Frameworks",
				);
				MARKETING_VERSION = 1.0;
				PRODUCT_BUNDLE_IDENTIFIER = com.JoeMiehl.HockeyPlayerStats;
				PRODUCT_NAME = "$(TARGET_NAME)";
				SWIFT_EMIT_LOC_STRINGS = YES;
				SWIFT_VERSION = 5.0;
				TARGETED_DEVICE_FAMILY = "1,2";
			};
			name = Release;
		};
/* End XCBuildConfiguration section */

/* Begin XCConfigurationList section */
		CFD297702B857C9200AA30D8 /* Build configuration list for PBXProject "HockeyPlayerStats" */ = {
			isa = XCConfigurationList;
			buildConfigurations = (
				CFD297812B857C9300AA30D8 /* Debug */,
				CFD297822B857C9300AA30D8 /* Release */,
			);
			defaultConfigurationIsVisible = 0;
			defaultConfigurationName = Release;
		};
		CFD297832B857C9300AA30D8 /* Build configuration list for PBXNativeTarget "HockeyPlayerStats" */ = {
			isa = XCConfigurationList;
			buildConfigurations = (
				CFD297842B857C9300AA30D8 /* Debug */,
				CFD297852B857C9300AA30D8 /* Release */,
			);
			defaultConfigurationIsVisible = 0;
			defaultConfigurationName = Release;
		};
/* End XCConfigurationList section */
	};
	rootObject = CFD2976D2B857C9200AA30D8 /* Project object */;
}
